
Microsoft Visual Studio Solution File, Format Version 12.00
# Visual Studio Version 17
VisualStudioVersion = 17.14.36221.1 d17.14
MinimumVisualStudioVersion = 10.0.40219.1
Project("{FAE04EC0-301F-11D3-BF4B-00C04F79EFBC}") = "YAGONIA_ACTIVITY 10", "YAGONIA_ACTIVITY 10.csproj", "{87A1ED94-F097-449F-95E4-2D8656BF1771}"
EndProject
Global
	GlobalSection(SolutionConfigurationPlatforms) = preSolution
		Debug|Any CPU = Debug|Any CPU
		Release|Any CPU = Release|Any CPU
	EndGlobalSection
	GlobalSection(ProjectConfigurationPlatforms) = postSolution
		{87A1ED94-F097-449F-95E4-2D8656BF1771}.Debug|Any CPU.ActiveCfg = Debug|Any CPU
		{87A1ED94-F097-449F-95E4-2D8656BF1771}.Debug|Any CPU.Build.0 = Debug|Any CPU
		{87A1ED94-F097-449F-95E4-2D8656BF1771}.Release|Any CPU.ActiveCfg = Release|Any CPU
		{87A1ED94-F097-449F-95E4-2D8656BF1771}.Release|Any CPU.Build.0 = Release|Any CPU
	EndGlobalSection
	GlobalSection(SolutionProperties) = preSolution
		HideSolutionNode = FALSE
	EndGlobalSection
	GlobalSection(ExtensibilityGlobals) = postSolution
		SolutionGuid = {E1DB0BC9-A479-43B6-A598-062F7B95CC4E}
	EndGlobalSection
EndGlobal
