
Microsoft Visual Studio Solution File, Format Version 12.00
# Visual Studio Version 17
VisualStudioVersion = 17.14.36221.1 d17.14
MinimumVisualStudioVersion = 10.0.40219.1
Project("{FAE04EC0-301F-11D3-BF4B-00C04F79EFBC}") = "YAGONIA_ACTIVITY 9", "YAGONIA_ACTIVITY 9.csproj", "{E6527186-50D8-4CDB-A440-BE69B58A49CE}"
EndProject
Global
	GlobalSection(SolutionConfigurationPlatforms) = preSolution
		Debug|Any CPU = Debug|Any CPU
		Release|Any CPU = Release|Any CPU
	EndGlobalSection
	GlobalSection(ProjectConfigurationPlatforms) = postSolution
		{E6527186-50D8-4CDB-A440-BE69B58A49CE}.Debug|Any CPU.ActiveCfg = Debug|Any CPU
		{E6527186-50D8-4CDB-A440-BE69B58A49CE}.Debug|Any CPU.Build.0 = Debug|Any CPU
		{E6527186-50D8-4CDB-A440-BE69B58A49CE}.Release|Any CPU.ActiveCfg = Release|Any CPU
		{E6527186-50D8-4CDB-A440-BE69B58A49CE}.Release|Any CPU.Build.0 = Release|Any CPU
	EndGlobalSection
	GlobalSection(SolutionProperties) = preSolution
		HideSolutionNode = FALSE
	EndGlobalSection
	GlobalSection(ExtensibilityGlobals) = postSolution
		SolutionGuid = {D4EEE1BE-4298-4F48-80CD-1FF62DADE57F}
	EndGlobalSection
EndGlobal
