
Microsoft Visual Studio Solution File, Format Version 12.00
# Visual Studio Version 17
VisualStudioVersion = 17.14.36221.1 d17.14
MinimumVisualStudioVersion = 10.0.40219.1
Project("{FAE04EC0-301F-11D3-BF4B-00C04F79EFBC}") = "YAGONIA_ACTIVITY#6", "YAGONIA_ACTIVITY#6.csproj", "{9F336274-C936-4CEB-A82C-A7BE6C2722CC}"
EndProject
Global
	GlobalSection(SolutionConfigurationPlatforms) = preSolution
		Debug|Any CPU = Debug|Any CPU
		Release|Any CPU = Release|Any CPU
	EndGlobalSection
	GlobalSection(ProjectConfigurationPlatforms) = postSolution
		{9F336274-C936-4CEB-A82C-A7BE6C2722CC}.Debug|Any CPU.ActiveCfg = Debug|Any CPU
		{9F336274-C936-4CEB-A82C-A7BE6C2722CC}.Debug|Any CPU.Build.0 = Debug|Any CPU
		{9F336274-C936-4CEB-A82C-A7BE6C2722CC}.Release|Any CPU.ActiveCfg = Release|Any CPU
		{9F336274-C936-4CEB-A82C-A7BE6C2722CC}.Release|Any CPU.Build.0 = Release|Any CPU
	EndGlobalSection
	GlobalSection(SolutionProperties) = preSolution
		HideSolutionNode = FALSE
	EndGlobalSection
	GlobalSection(ExtensibilityGlobals) = postSolution
		SolutionGuid = {237BAD19-6F4D-403A-B8AD-02BA29EAA3B9}
	EndGlobalSection
EndGlobal
